
Microsoft Visual Studio Solution File, Format Version 12.00
# Visual Studio Version 17
VisualStudioVersion = 17.10.35013.160
MinimumVisualStudioVersion = 10.0.40219.1
Project("{2150E333-8FDC-42A3-9474-1A3956D46DE8}") = "Solution Items", "Solution Items", "{83B98195-7AC1-4980-B02D-5DD53B38F9D7}"
	ProjectSection(SolutionItems) = preProject
		.editorconfig = .editorconfig
		Directory.Build.props = Directory.Build.props
	EndProjectSection
EndProject
Project("{2150E333-8FDC-42A3-9474-1A3956D46DE8}") = "src", "src", "{DBE9E1F8-A0C8-4E1F-B740-6034C87EA28A}"
EndProject
Project("{2150E333-8FDC-42A3-9474-1A3956D46DE8}") = "API", "API", "{8AA2FAB3-0C7E-44D1-9DFE-868EA55E0D5C}"
EndProject
Project("{2150E333-8FDC-42A3-9474-1A3956D46DE8}") = "Modules", "Modules", "{7014A9F8-A1D6-4A41-A31B-A246E0AF5781}"
EndProject
Project("{9A19103F-16F7-4668-BE54-9A1E7A4F7556}") = "OneTheater.API", "src\API\OneTheater.API\OneTheater.API.csproj", "{4E3E51A9-DBD1-42D4-B1DB-8BDB59985809}"
EndProject
Project("{2150E333-8FDC-42A3-9474-1A3956D46DE8}") = "Users", "Users", "{769DB410-76B8-4596-B13E-70CE86C05E88}"
EndProject
Project("{E53339B2-1760-4266-BCC7-CA923CBCF16C}") = "docker-compose", "docker-compose.dcproj", "{BE7A9F6C-F0F6-4E3F-8407-76EAA615D81F}"
EndProject
Project("{9A19103F-16F7-4668-BE54-9A1E7A4F7556}") = "OneTheater.Modules.Users.Domain", "src\Modules\Users\OneTheater.Modules.Users.Domain\OneTheater.Modules.Users.Domain.csproj", "{EA518BD4-A9FA-4F67-BCC6-F0A679BD0F19}"
EndProject
Project("{9A19103F-16F7-4668-BE54-9A1E7A4F7556}") = "OneTheater.Modules.Users.Application", "src\Modules\Users\OneTheater.Modules.Users.Application\OneTheater.Modules.Users.Application.csproj", "{473720BB-9B4E-4BBA-B9F8-E30BFE7D39B9}"
EndProject
Project("{9A19103F-16F7-4668-BE54-9A1E7A4F7556}") = "OneTheater.Modules.Users.Infrastructure", "src\Modules\Users\OneTheater.Modules.Users.Infrastructure\OneTheater.Modules.Users.Infrastructure.csproj", "{D09E04B0-7567-46EC-B7AB-376F2A2B3C31}"
EndProject
Project("{9A19103F-16F7-4668-BE54-9A1E7A4F7556}") = "OneTheater.Modules.Users.Presentation", "src\Modules\Users\OneTheater.Modules.Users.Presentation\OneTheater.Modules.Users.Presentation.csproj", "{A2FED589-4DE3-4283-99CE-CE40E4B607D8}"
EndProject
Project("{2150E333-8FDC-42A3-9474-1A3956D46DE8}") = "Common", "Common", "{79C85683-74EC-48A7-9BA8-A71FE3CBDFE4}"
EndProject
Project("{9A19103F-16F7-4668-BE54-9A1E7A4F7556}") = "OneTheater.Common.Application", "src\Common\OneTheater.Common.Application\OneTheater.Common.Application.csproj", "{F12E5214-998C-4982-B6C0-9BDBB389348A}"
EndProject
Project("{9A19103F-16F7-4668-BE54-9A1E7A4F7556}") = "OneTheater.Common.Infrastructure", "src\Common\OneTheater.Common.Infrastructure\OneTheater.Common.Infrastructure.csproj", "{BD00EE8B-FB29-4ED3-90E1-1CD7C9F2D3F1}"
EndProject
Project("{9A19103F-16F7-4668-BE54-9A1E7A4F7556}") = "OneTheater.Common.Domain", "src\Common\OneTheater.Common.Domain\OneTheater.Common.Domain.csproj", "{4FB49C18-45EB-44BF-9281-49FA66998725}"
EndProject
Project("{9A19103F-16F7-4668-BE54-9A1E7A4F7556}") = "OneTheater.Common.Presentation", "src\Common\OneTheater.Common.Presentation\OneTheater.Common.Presentation.csproj", "{AE5D7BDB-DB84-48B9-B800-D5174DE93A11}"
EndProject
Project("{2150E333-8FDC-42A3-9474-1A3956D46DE8}") = "Shows", "Shows", "{5A09625B-0D1E-4B7D-9B9A-D0FB77F770EA}"
EndProject
Project("{9A19103F-16F7-4668-BE54-9A1E7A4F7556}") = "OneTheater.Modules.Shows.Application", "src\Modules\Shows\OneTheater.Modules.Shows.Application\OneTheater.Modules.Shows.Application.csproj", "{A05A6887-6F8E-4EAC-A204-DADAC7617F83}"
EndProject
Project("{9A19103F-16F7-4668-BE54-9A1E7A4F7556}") = "OneTheater.Modules.Shows.Domain", "src\Modules\Shows\OneTheater.Modules.Shows.Domain\OneTheater.Modules.Shows.Domain.csproj", "{88B144CB-F6D2-4AEF-B68E-CDD979F4996E}"
EndProject
Project("{9A19103F-16F7-4668-BE54-9A1E7A4F7556}") = "OneTheater.Modules.Shows.Infrastructure", "src\Modules\Shows\OneTheater.Modules.Shows.Infrastructure\OneTheater.Modules.Shows.Infrastructure.csproj", "{962D4EAD-1FDE-4611-AAC9-2AD06BC7ADA4}"
EndProject
Project("{9A19103F-16F7-4668-BE54-9A1E7A4F7556}") = "OneTheater.Modules.Shows.Presentation", "src\Modules\Shows\OneTheater.Modules.Shows.Presentation\OneTheater.Modules.Shows.Presentation.csproj", "{91CE2E19-CB09-4E66-835A-091871E2F342}"
EndProject
Project("{FAE04EC0-301F-11D3-BF4B-00C04F79EFBC}") = "OneTheater.Modules.Shows.PublicApi", "src\Modules\Shows\OneTheater.Modules.Shows.PublicApi\OneTheater.Modules.Shows.PublicApi.csproj", "{F5980642-1077-4B4A-BC2F-8128CEAEC309}"
EndProject
Global
	GlobalSection(SolutionConfigurationPlatforms) = preSolution
		Debug|Any CPU = Debug|Any CPU
		Release|Any CPU = Release|Any CPU
	EndGlobalSection
	GlobalSection(ProjectConfigurationPlatforms) = postSolution
		{4E3E51A9-DBD1-42D4-B1DB-8BDB59985809}.Debug|Any CPU.ActiveCfg = Debug|Any CPU
		{4E3E51A9-DBD1-42D4-B1DB-8BDB59985809}.Debug|Any CPU.Build.0 = Debug|Any CPU
		{4E3E51A9-DBD1-42D4-B1DB-8BDB59985809}.Release|Any CPU.ActiveCfg = Release|Any CPU
		{4E3E51A9-DBD1-42D4-B1DB-8BDB59985809}.Release|Any CPU.Build.0 = Release|Any CPU
		{BE7A9F6C-F0F6-4E3F-8407-76EAA615D81F}.Debug|Any CPU.ActiveCfg = Debug|Any CPU
		{BE7A9F6C-F0F6-4E3F-8407-76EAA615D81F}.Debug|Any CPU.Build.0 = Debug|Any CPU
		{BE7A9F6C-F0F6-4E3F-8407-76EAA615D81F}.Release|Any CPU.ActiveCfg = Release|Any CPU
		{BE7A9F6C-F0F6-4E3F-8407-76EAA615D81F}.Release|Any CPU.Build.0 = Release|Any CPU
		{EA518BD4-A9FA-4F67-BCC6-F0A679BD0F19}.Debug|Any CPU.ActiveCfg = Debug|Any CPU
		{EA518BD4-A9FA-4F67-BCC6-F0A679BD0F19}.Debug|Any CPU.Build.0 = Debug|Any CPU
		{EA518BD4-A9FA-4F67-BCC6-F0A679BD0F19}.Release|Any CPU.ActiveCfg = Release|Any CPU
		{EA518BD4-A9FA-4F67-BCC6-F0A679BD0F19}.Release|Any CPU.Build.0 = Release|Any CPU
		{473720BB-9B4E-4BBA-B9F8-E30BFE7D39B9}.Debug|Any CPU.ActiveCfg = Debug|Any CPU
		{473720BB-9B4E-4BBA-B9F8-E30BFE7D39B9}.Debug|Any CPU.Build.0 = Debug|Any CPU
		{473720BB-9B4E-4BBA-B9F8-E30BFE7D39B9}.Release|Any CPU.ActiveCfg = Release|Any CPU
		{473720BB-9B4E-4BBA-B9F8-E30BFE7D39B9}.Release|Any CPU.Build.0 = Release|Any CPU
		{D09E04B0-7567-46EC-B7AB-376F2A2B3C31}.Debug|Any CPU.ActiveCfg = Debug|Any CPU
		{D09E04B0-7567-46EC-B7AB-376F2A2B3C31}.Debug|Any CPU.Build.0 = Debug|Any CPU
		{D09E04B0-7567-46EC-B7AB-376F2A2B3C31}.Release|Any CPU.ActiveCfg = Release|Any CPU
		{D09E04B0-7567-46EC-B7AB-376F2A2B3C31}.Release|Any CPU.Build.0 = Release|Any CPU
		{A2FED589-4DE3-4283-99CE-CE40E4B607D8}.Debug|Any CPU.ActiveCfg = Debug|Any CPU
		{A2FED589-4DE3-4283-99CE-CE40E4B607D8}.Debug|Any CPU.Build.0 = Debug|Any CPU
		{A2FED589-4DE3-4283-99CE-CE40E4B607D8}.Release|Any CPU.ActiveCfg = Release|Any CPU
		{A2FED589-4DE3-4283-99CE-CE40E4B607D8}.Release|Any CPU.Build.0 = Release|Any CPU
		{F12E5214-998C-4982-B6C0-9BDBB389348A}.Debug|Any CPU.ActiveCfg = Debug|Any CPU
		{F12E5214-998C-4982-B6C0-9BDBB389348A}.Debug|Any CPU.Build.0 = Debug|Any CPU
		{F12E5214-998C-4982-B6C0-9BDBB389348A}.Release|Any CPU.ActiveCfg = Release|Any CPU
		{F12E5214-998C-4982-B6C0-9BDBB389348A}.Release|Any CPU.Build.0 = Release|Any CPU
		{BD00EE8B-FB29-4ED3-90E1-1CD7C9F2D3F1}.Debug|Any CPU.ActiveCfg = Debug|Any CPU
		{BD00EE8B-FB29-4ED3-90E1-1CD7C9F2D3F1}.Debug|Any CPU.Build.0 = Debug|Any CPU
		{BD00EE8B-FB29-4ED3-90E1-1CD7C9F2D3F1}.Release|Any CPU.ActiveCfg = Release|Any CPU
		{BD00EE8B-FB29-4ED3-90E1-1CD7C9F2D3F1}.Release|Any CPU.Build.0 = Release|Any CPU
		{4FB49C18-45EB-44BF-9281-49FA66998725}.Debug|Any CPU.ActiveCfg = Debug|Any CPU
		{4FB49C18-45EB-44BF-9281-49FA66998725}.Debug|Any CPU.Build.0 = Debug|Any CPU
		{4FB49C18-45EB-44BF-9281-49FA66998725}.Release|Any CPU.ActiveCfg = Release|Any CPU
		{4FB49C18-45EB-44BF-9281-49FA66998725}.Release|Any CPU.Build.0 = Release|Any CPU
		{AE5D7BDB-DB84-48B9-B800-D5174DE93A11}.Debug|Any CPU.ActiveCfg = Debug|Any CPU
		{AE5D7BDB-DB84-48B9-B800-D5174DE93A11}.Debug|Any CPU.Build.0 = Debug|Any CPU
		{AE5D7BDB-DB84-48B9-B800-D5174DE93A11}.Release|Any CPU.ActiveCfg = Release|Any CPU
		{AE5D7BDB-DB84-48B9-B800-D5174DE93A11}.Release|Any CPU.Build.0 = Release|Any CPU
		{A05A6887-6F8E-4EAC-A204-DADAC7617F83}.Debug|Any CPU.ActiveCfg = Debug|Any CPU
		{A05A6887-6F8E-4EAC-A204-DADAC7617F83}.Debug|Any CPU.Build.0 = Debug|Any CPU
		{A05A6887-6F8E-4EAC-A204-DADAC7617F83}.Release|Any CPU.ActiveCfg = Release|Any CPU
		{A05A6887-6F8E-4EAC-A204-DADAC7617F83}.Release|Any CPU.Build.0 = Release|Any CPU
		{88B144CB-F6D2-4AEF-B68E-CDD979F4996E}.Debug|Any CPU.ActiveCfg = Debug|Any CPU
		{88B144CB-F6D2-4AEF-B68E-CDD979F4996E}.Debug|Any CPU.Build.0 = Debug|Any CPU
		{88B144CB-F6D2-4AEF-B68E-CDD979F4996E}.Release|Any CPU.ActiveCfg = Release|Any CPU
		{88B144CB-F6D2-4AEF-B68E-CDD979F4996E}.Release|Any CPU.Build.0 = Release|Any CPU
		{962D4EAD-1FDE-4611-AAC9-2AD06BC7ADA4}.Debug|Any CPU.ActiveCfg = Debug|Any CPU
		{962D4EAD-1FDE-4611-AAC9-2AD06BC7ADA4}.Debug|Any CPU.Build.0 = Debug|Any CPU
		{962D4EAD-1FDE-4611-AAC9-2AD06BC7ADA4}.Release|Any CPU.ActiveCfg = Release|Any CPU
		{962D4EAD-1FDE-4611-AAC9-2AD06BC7ADA4}.Release|Any CPU.Build.0 = Release|Any CPU
		{91CE2E19-CB09-4E66-835A-091871E2F342}.Debug|Any CPU.ActiveCfg = Debug|Any CPU
		{91CE2E19-CB09-4E66-835A-091871E2F342}.Debug|Any CPU.Build.0 = Debug|Any CPU
		{91CE2E19-CB09-4E66-835A-091871E2F342}.Release|Any CPU.ActiveCfg = Release|Any CPU
		{91CE2E19-CB09-4E66-835A-091871E2F342}.Release|Any CPU.Build.0 = Release|Any CPU
		{F5980642-1077-4B4A-BC2F-8128CEAEC309}.Debug|Any CPU.ActiveCfg = Debug|Any CPU
		{F5980642-1077-4B4A-BC2F-8128CEAEC309}.Debug|Any CPU.Build.0 = Debug|Any CPU
		{F5980642-1077-4B4A-BC2F-8128CEAEC309}.Release|Any CPU.ActiveCfg = Release|Any CPU
		{F5980642-1077-4B4A-BC2F-8128CEAEC309}.Release|Any CPU.Build.0 = Release|Any CPU
	EndGlobalSection
	GlobalSection(SolutionProperties) = preSolution
		HideSolutionNode = FALSE
	EndGlobalSection
	GlobalSection(NestedProjects) = preSolution
		{8AA2FAB3-0C7E-44D1-9DFE-868EA55E0D5C} = {DBE9E1F8-A0C8-4E1F-B740-6034C87EA28A}
		{7014A9F8-A1D6-4A41-A31B-A246E0AF5781} = {DBE9E1F8-A0C8-4E1F-B740-6034C87EA28A}
		{4E3E51A9-DBD1-42D4-B1DB-8BDB59985809} = {8AA2FAB3-0C7E-44D1-9DFE-868EA55E0D5C}
		{769DB410-76B8-4596-B13E-70CE86C05E88} = {7014A9F8-A1D6-4A41-A31B-A246E0AF5781}
		{EA518BD4-A9FA-4F67-BCC6-F0A679BD0F19} = {769DB410-76B8-4596-B13E-70CE86C05E88}
		{473720BB-9B4E-4BBA-B9F8-E30BFE7D39B9} = {769DB410-76B8-4596-B13E-70CE86C05E88}
		{D09E04B0-7567-46EC-B7AB-376F2A2B3C31} = {769DB410-76B8-4596-B13E-70CE86C05E88}
		{A2FED589-4DE3-4283-99CE-CE40E4B607D8} = {769DB410-76B8-4596-B13E-70CE86C05E88}
		{79C85683-74EC-48A7-9BA8-A71FE3CBDFE4} = {DBE9E1F8-A0C8-4E1F-B740-6034C87EA28A}
		{F12E5214-998C-4982-B6C0-9BDBB389348A} = {79C85683-74EC-48A7-9BA8-A71FE3CBDFE4}
		{BD00EE8B-FB29-4ED3-90E1-1CD7C9F2D3F1} = {79C85683-74EC-48A7-9BA8-A71FE3CBDFE4}
		{4FB49C18-45EB-44BF-9281-49FA66998725} = {79C85683-74EC-48A7-9BA8-A71FE3CBDFE4}
		{AE5D7BDB-DB84-48B9-B800-D5174DE93A11} = {79C85683-74EC-48A7-9BA8-A71FE3CBDFE4}
		{5A09625B-0D1E-4B7D-9B9A-D0FB77F770EA} = {7014A9F8-A1D6-4A41-A31B-A246E0AF5781}
		{A05A6887-6F8E-4EAC-A204-DADAC7617F83} = {5A09625B-0D1E-4B7D-9B9A-D0FB77F770EA}
		{88B144CB-F6D2-4AEF-B68E-CDD979F4996E} = {5A09625B-0D1E-4B7D-9B9A-D0FB77F770EA}
		{962D4EAD-1FDE-4611-AAC9-2AD06BC7ADA4} = {5A09625B-0D1E-4B7D-9B9A-D0FB77F770EA}
		{91CE2E19-CB09-4E66-835A-091871E2F342} = {5A09625B-0D1E-4B7D-9B9A-D0FB77F770EA}
		{F5980642-1077-4B4A-BC2F-8128CEAEC309} = {5A09625B-0D1E-4B7D-9B9A-D0FB77F770EA}
	EndGlobalSection
	GlobalSection(ExtensibilityGlobals) = postSolution
		SolutionGuid = {A9E2A100-C716-4263-A409-9AB63ABBA117}
	EndGlobalSection
EndGlobal
